
Microsoft Visual Studio Solution File, Format Version 12.00
# Visual Studio Version 17
VisualStudioVersion = 17.4.33213.308
MinimumVisualStudioVersion = 10.0.40219.1
Project("{FAE04EC0-301F-11D3-BF4B-00C04F79EFBC}") = "ProductApp.Core", "ProductApp.Core\ProductApp.Core.csproj", "{B690F4C9-136D-400C-BA74-09C6D34CD457}"
EndProject
Project("{FAE04EC0-301F-11D3-BF4B-00C04F79EFBC}") = "ProductApp.Data", "ProductApp.Data\ProductApp.Data.csproj", "{5054E112-0628-4977-A51E-CAE7EEED23CF}"
EndProject
Project("{FAE04EC0-301F-11D3-BF4B-00C04F79EFBC}") = "ProductApp.Service", "ProdcutApp.Service\ProductApp.Service.csproj", "{D07E96A7-966C-405B-9B85-E1F10A86DB7D}"
EndProject
Project("{FAE04EC0-301F-11D3-BF4B-00C04F79EFBC}") = "ProductApp.API", "ProductApp.API\ProductApp.API.csproj", "{204BE58E-0610-4F07-8EB3-E245D51935CA}"
EndProject
Project("{FAE04EC0-301F-11D3-BF4B-00C04F79EFBC}") = "ProductApp.Caching", "ProductApp.Caching\ProductApp.Caching.csproj", "{8F8EC5F3-F6FE-41A4-8643-3C74A284D829}"
EndProject
Global
	GlobalSection(SolutionConfigurationPlatforms) = preSolution
		Debug|Any CPU = Debug|Any CPU
		Release|Any CPU = Release|Any CPU
	EndGlobalSection
	GlobalSection(ProjectConfigurationPlatforms) = postSolution
		{B690F4C9-136D-400C-BA74-09C6D34CD457}.Debug|Any CPU.ActiveCfg = Debug|Any CPU
		{B690F4C9-136D-400C-BA74-09C6D34CD457}.Debug|Any CPU.Build.0 = Debug|Any CPU
		{B690F4C9-136D-400C-BA74-09C6D34CD457}.Release|Any CPU.ActiveCfg = Release|Any CPU
		{B690F4C9-136D-400C-BA74-09C6D34CD457}.Release|Any CPU.Build.0 = Release|Any CPU
		{5054E112-0628-4977-A51E-CAE7EEED23CF}.Debug|Any CPU.ActiveCfg = Debug|Any CPU
		{5054E112-0628-4977-A51E-CAE7EEED23CF}.Debug|Any CPU.Build.0 = Debug|Any CPU
		{5054E112-0628-4977-A51E-CAE7EEED23CF}.Release|Any CPU.ActiveCfg = Release|Any CPU
		{5054E112-0628-4977-A51E-CAE7EEED23CF}.Release|Any CPU.Build.0 = Release|Any CPU
		{D07E96A7-966C-405B-9B85-E1F10A86DB7D}.Debug|Any CPU.ActiveCfg = Debug|Any CPU
		{D07E96A7-966C-405B-9B85-E1F10A86DB7D}.Debug|Any CPU.Build.0 = Debug|Any CPU
		{D07E96A7-966C-405B-9B85-E1F10A86DB7D}.Release|Any CPU.ActiveCfg = Release|Any CPU
		{D07E96A7-966C-405B-9B85-E1F10A86DB7D}.Release|Any CPU.Build.0 = Release|Any CPU
		{204BE58E-0610-4F07-8EB3-E245D51935CA}.Debug|Any CPU.ActiveCfg = Debug|Any CPU
		{204BE58E-0610-4F07-8EB3-E245D51935CA}.Debug|Any CPU.Build.0 = Debug|Any CPU
		{204BE58E-0610-4F07-8EB3-E245D51935CA}.Release|Any CPU.ActiveCfg = Release|Any CPU
		{204BE58E-0610-4F07-8EB3-E245D51935CA}.Release|Any CPU.Build.0 = Release|Any CPU
		{8F8EC5F3-F6FE-41A4-8643-3C74A284D829}.Debug|Any CPU.ActiveCfg = Debug|Any CPU
		{8F8EC5F3-F6FE-41A4-8643-3C74A284D829}.Debug|Any CPU.Build.0 = Debug|Any CPU
		{8F8EC5F3-F6FE-41A4-8643-3C74A284D829}.Release|Any CPU.ActiveCfg = Release|Any CPU
		{8F8EC5F3-F6FE-41A4-8643-3C74A284D829}.Release|Any CPU.Build.0 = Release|Any CPU
	EndGlobalSection
	GlobalSection(SolutionProperties) = preSolution
		HideSolutionNode = FALSE
	EndGlobalSection
	GlobalSection(ExtensibilityGlobals) = postSolution
		SolutionGuid = {74B9DD09-36AF-464F-A7FA-6F614A1BBA8B}
	EndGlobalSection
EndGlobal
